// !$*UTF8*$!
{
	archiveVersion = 1;
	classes = {
	};
	objectVersion = 46;
	objects = {

/* Begin PBXBuildFile section */
		4B3504A81C10A57D009F7680 /* OSCFError.cpp in Sources */ = {isa = PBXBuildFile; fileRef = 4B3504241C10A57C009F7680 /* OSCFError.cpp */; };
		4B3504AE1C10A57D009F7680 /* OSCRegexp.cpp in Sources */ = {isa = PBXBuildFile; fileRef = 4B3504271C10A57C009F7680 /* OSCRegexp.cpp */; };
		4B3504B41C10A57D009F7680 /* Message.cpp in Sources */ = {isa = PBXBuildFile; fileRef = 4B35042B1C10A57C009F7680 /* Message.cpp */; };
		4B3504BA1C10A57D009F7680 /* FaustFactory.cpp in Sources */ = {isa = PBXBuildFile; fileRef = 4B35042E1C10A57C009F7680 /* FaustFactory.cpp */; };
		4B3504C01C10A57D009F7680 /* FaustNode.cpp in Sources */ = {isa = PBXBuildFile; fileRef = 4B3504301C10A57C009F7680 /* FaustNode.cpp */; };
		4B3504C61C10A57D009F7680 /* MessageDriven.cpp in Sources */ = {isa = PBXBuildFile; fileRef = 4B3504321C10A57C009F7680 /* MessageDriven.cpp */; };
		4B3504CC1C10A57D009F7680 /* RootNode.cpp in Sources */ = {isa = PBXBuildFile; fileRef = 4B3504341C10A57C009F7680 /* RootNode.cpp */; };
		4B3504D21C10A57D009F7680 /* OSCAddress.cpp in Sources */ = {isa = PBXBuildFile; fileRef = 4B3504381C10A57C009F7680 /* OSCAddress.cpp */; };
		4B3504D81C10A57D009F7680 /* OSCIO.cpp in Sources */ = {isa = PBXBuildFile; fileRef = 4B35043B1C10A57C009F7680 /* OSCIO.cpp */; };
		4B3504DE1C10A57D009F7680 /* OSCListener.cpp in Sources */ = {isa = PBXBuildFile; fileRef = 4B35043D1C10A57C009F7680 /* OSCListener.cpp */; };
		4B3504E41C10A57D009F7680 /* OSCSetup.cpp in Sources */ = {isa = PBXBuildFile; fileRef = 4B3504401C10A57C009F7680 /* OSCSetup.cpp */; };
		4B3504EA1C10A57D009F7680 /* OSCStream.cpp in Sources */ = {isa = PBXBuildFile; fileRef = 4B3504431C10A57C009F7680 /* OSCStream.cpp */; };
		4B3504F01C10A57D009F7680 /* OSCControler.cpp in Sources */ = {isa = PBXBuildFile; fileRef = 4B3504461C10A57C009F7680 /* OSCControler.cpp */; };
		4B3504F61C10A57D009F7680 /* pthreads_impl.cpp in Sources */ = {isa = PBXBuildFile; fileRef = 4B3504491C10A57C009F7680 /* pthreads_impl.cpp */; };
		4B3504FC1C10A57D009F7680 /* winthreads_impl.cpp in Sources */ = {isa = PBXBuildFile; fileRef = 4B35044C1C10A57C009F7680 /* winthreads_impl.cpp */; };
		4B35051D1C10A57D009F7680 /* IpEndpointName.cpp in Sources */ = {isa = PBXBuildFile; fileRef = 4B35045B1C10A57C009F7680 /* IpEndpointName.cpp */; };
		4B3505231C10A57D009F7680 /* NetworkingUtils.cpp in Sources */ = {isa = PBXBuildFile; fileRef = 4B3504611C10A57C009F7680 /* NetworkingUtils.cpp */; };
		4B3505291C10A57D009F7680 /* UdpSocket.cpp in Sources */ = {isa = PBXBuildFile; fileRef = 4B3504631C10A57C009F7680 /* UdpSocket.cpp */; };
		4B3505441C10A57D009F7680 /* OscOutboundPacketStream.cpp in Sources */ = {isa = PBXBuildFile; fileRef = 4B3504731C10A57C009F7680 /* OscOutboundPacketStream.cpp */; };
		4B35054A1C10A57D009F7680 /* OscPrintReceivedElements.cpp in Sources */ = {isa = PBXBuildFile; fileRef = 4B3504771C10A57C009F7680 /* OscPrintReceivedElements.cpp */; };
		4B3505501C10A57D009F7680 /* OscReceivedElements.cpp in Sources */ = {isa = PBXBuildFile; fileRef = 4B35047A1C10A57C009F7680 /* OscReceivedElements.cpp */; };
		4B3505561C10A57D009F7680 /* OscTypes.cpp in Sources */ = {isa = PBXBuildFile; fileRef = 4B35047D1C10A57C009F7680 /* OscTypes.cpp */; };
		4BDAA21016AEF05D00A3499E /* Accelerate.framework in Frameworks */ = {isa = PBXBuildFile; fileRef = 4BDAA20F16AEF05D00A3499E /* Accelerate.framework */; };
		4BDEB1241C203C4400849601 /* CoreMIDI.framework in Frameworks */ = {isa = PBXBuildFile; fileRef = 4BDEB1231C203C4400849601 /* CoreMIDI.framework */; };
		65D1BD1415668A8A00ADCA32 /* CoreLocation.framework in Frameworks */ = {isa = PBXBuildFile; fileRef = 65D1BD1315668A8A00ADCA32 /* CoreLocation.framework */; };
		65E5ED9314DB037D00136CFC /* UIKit.framework in Frameworks */ = {isa = PBXBuildFile; fileRef = 65E5ED9214DB037D00136CFC /* UIKit.framework */; };
		65E5ED9514DB037D00136CFC /* Foundation.framework in Frameworks */ = {isa = PBXBuildFile; fileRef = 65E5ED9414DB037D00136CFC /* Foundation.framework */; };
		65E5ED9714DB037D00136CFC /* CoreGraphics.framework in Frameworks */ = {isa = PBXBuildFile; fileRef = 65E5ED9614DB037D00136CFC /* CoreGraphics.framework */; };
		65E5EDCE14DB055500136CFC /* AudioToolbox.framework in Frameworks */ = {isa = PBXBuildFile; fileRef = 65E5EDCD14DB055500136CFC /* AudioToolbox.framework */; };
		65E85C9B157806C2009F2D7A /* QuartzCore.framework in Frameworks */ = {isa = PBXBuildFile; fileRef = 65E85C9A157806C2009F2D7A /* QuartzCore.framework */; };
		65F87431156FFB0C008AE175 /* CoreMotion.framework in Frameworks */ = {isa = PBXBuildFile; fileRef = 65F87430156FFB0C008AE175 /* CoreMotion.framework */; };
		6F17F3A620BD217C002CA04A /* ExternalAccessory.framework in Frameworks */ = {isa = PBXBuildFile; fileRef = 6F17F3A520BD217C002CA04A /* ExternalAccessory.framework */; };
		6F338BD41F77A925006BDC6E /* Assets.xcassets in Resources */ = {isa = PBXBuildFile; fileRef = 6F338BD31F77A925006BDC6E /* Assets.xcassets */; };
		6FB2E0D31E8EFA71005AF0C9 /* cueNums.txt in Resources */ = {isa = PBXBuildFile; fileRef = 6FB2E0D11E8EFA71005AF0C9 /* cueNums.txt */; };
		6FB2E0D41E8EFA71005AF0C9 /* cueTips.txt in Resources */ = {isa = PBXBuildFile; fileRef = 6FB2E0D21E8EFA71005AF0C9 /* cueTips.txt */; };
		C93C18F21E5BA375001551E3 /* DspFaust.cpp in Sources */ = {isa = PBXBuildFile; fileRef = C93C18EA1E5BA375001551E3 /* DspFaust.cpp */; };
		C93C18F31E5BA375001551E3 /* ViewController.mm in Sources */ = {isa = PBXBuildFile; fileRef = C93C18EB1E5BA375001551E3 /* ViewController.mm */; };
		C93C18F51E5BA375001551E3 /* AppDelegate.mm in Sources */ = {isa = PBXBuildFile; fileRef = C93C18EF1E5BA375001551E3 /* AppDelegate.mm */; };
		C93C18F61E5BA375001551E3 /* main.m in Sources */ = {isa = PBXBuildFile; fileRef = C93C18F01E5BA375001551E3 /* main.m */; };
		C93C18FB1E5BA389001551E3 /* LaunchScreen.storyboard in Resources */ = {isa = PBXBuildFile; fileRef = C93C18F71E5BA389001551E3 /* LaunchScreen.storyboard */; };
		C93C18FC1E5BA389001551E3 /* Main.storyboard in Resources */ = {isa = PBXBuildFile; fileRef = C93C18F91E5BA389001551E3 /* Main.storyboard */; };
		C96A74CD1E86EF4D00C6474F /* keyDark.png in Resources */ = {isa = PBXBuildFile; fileRef = C96A74CC1E86EF4D00C6474F /* keyDark.png */; };
		C9D94E5F1E79631D003A187A /* DspFaustMotion.cpp in Sources */ = {isa = PBXBuildFile; fileRef = C9D94E5D1E79631D003A187A /* DspFaustMotion.cpp */; };
/* End PBXBuildFile section */

/* Begin PBXFileReference section */
		4B3504141C10A57C009F7680 /* FaustFactory.h */ = {isa = PBXFileReference; fileEncoding = 4; lastKnownFileType = sourcecode.c.h; path = FaustFactory.h; sourceTree = "<group>"; };
		4B3504151C10A57C009F7680 /* FaustNode.h */ = {isa = PBXFileReference; fileEncoding = 4; lastKnownFileType = sourcecode.c.h; path = FaustNode.h; sourceTree = "<group>"; };
		4B3504161C10A57C009F7680 /* Message.h */ = {isa = PBXFileReference; fileEncoding = 4; lastKnownFileType = sourcecode.c.h; path = Message.h; sourceTree = "<group>"; };
		4B3504171C10A57C009F7680 /* MessageDriven.h */ = {isa = PBXFileReference; fileEncoding = 4; lastKnownFileType = sourcecode.c.h; path = MessageDriven.h; sourceTree = "<group>"; };
		4B3504181C10A57C009F7680 /* MessageProcessor.h */ = {isa = PBXFileReference; fileEncoding = 4; lastKnownFileType = sourcecode.c.h; path = MessageProcessor.h; sourceTree = "<group>"; };
		4B3504191C10A57C009F7680 /* smartpointer.h */ = {isa = PBXFileReference; fileEncoding = 4; lastKnownFileType = sourcecode.c.h; path = smartpointer.h; sourceTree = "<group>"; };
		4B35041A1C10A57C009F7680 /* OSCControler.h */ = {isa = PBXFileReference; fileEncoding = 4; lastKnownFileType = sourcecode.c.h; path = OSCControler.h; sourceTree = "<group>"; };
		4B35041B1C10A57C009F7680 /* OSCIO.h */ = {isa = PBXFileReference; fileEncoding = 4; lastKnownFileType = sourcecode.c.h; path = OSCIO.h; sourceTree = "<group>"; };
		4B3504231C10A57C009F7680 /* deelx.h */ = {isa = PBXFileReference; fileEncoding = 4; lastKnownFileType = sourcecode.c.h; path = deelx.h; sourceTree = "<group>"; };
		4B3504241C10A57C009F7680 /* OSCFError.cpp */ = {isa = PBXFileReference; fileEncoding = 4; lastKnownFileType = sourcecode.cpp.cpp; path = OSCFError.cpp; sourceTree = "<group>"; };
		4B3504251C10A57C009F7680 /* OSCFError.h */ = {isa = PBXFileReference; fileEncoding = 4; lastKnownFileType = sourcecode.c.h; path = OSCFError.h; sourceTree = "<group>"; };
		4B3504271C10A57C009F7680 /* OSCRegexp.cpp */ = {isa = PBXFileReference; fileEncoding = 4; lastKnownFileType = sourcecode.cpp.cpp; path = OSCRegexp.cpp; sourceTree = "<group>"; };
		4B3504281C10A57C009F7680 /* OSCRegexp.h */ = {isa = PBXFileReference; fileEncoding = 4; lastKnownFileType = sourcecode.c.h; path = OSCRegexp.h; sourceTree = "<group>"; };
		4B35042B1C10A57C009F7680 /* Message.cpp */ = {isa = PBXFileReference; fileEncoding = 4; lastKnownFileType = sourcecode.cpp.cpp; path = Message.cpp; sourceTree = "<group>"; };
		4B35042E1C10A57C009F7680 /* FaustFactory.cpp */ = {isa = PBXFileReference; fileEncoding = 4; lastKnownFileType = sourcecode.cpp.cpp; path = FaustFactory.cpp; sourceTree = "<group>"; };
		4B3504301C10A57C009F7680 /* FaustNode.cpp */ = {isa = PBXFileReference; fileEncoding = 4; lastKnownFileType = sourcecode.cpp.cpp; path = FaustNode.cpp; sourceTree = "<group>"; };
		4B3504321C10A57C009F7680 /* MessageDriven.cpp */ = {isa = PBXFileReference; fileEncoding = 4; lastKnownFileType = sourcecode.cpp.cpp; path = MessageDriven.cpp; sourceTree = "<group>"; };
		4B3504341C10A57C009F7680 /* RootNode.cpp */ = {isa = PBXFileReference; fileEncoding = 4; lastKnownFileType = sourcecode.cpp.cpp; path = RootNode.cpp; sourceTree = "<group>"; };
		4B3504381C10A57C009F7680 /* OSCAddress.cpp */ = {isa = PBXFileReference; fileEncoding = 4; lastKnownFileType = sourcecode.cpp.cpp; path = OSCAddress.cpp; sourceTree = "<group>"; };
		4B3504391C10A57C009F7680 /* OSCAddress.h */ = {isa = PBXFileReference; fileEncoding = 4; lastKnownFileType = sourcecode.c.h; path = OSCAddress.h; sourceTree = "<group>"; };
		4B35043B1C10A57C009F7680 /* OSCIO.cpp */ = {isa = PBXFileReference; fileEncoding = 4; lastKnownFileType = sourcecode.cpp.cpp; path = OSCIO.cpp; sourceTree = "<group>"; };
		4B35043D1C10A57C009F7680 /* OSCListener.cpp */ = {isa = PBXFileReference; fileEncoding = 4; lastKnownFileType = sourcecode.cpp.cpp; path = OSCListener.cpp; sourceTree = "<group>"; };
		4B35043E1C10A57C009F7680 /* OSCListener.h */ = {isa = PBXFileReference; fileEncoding = 4; lastKnownFileType = sourcecode.c.h; path = OSCListener.h; sourceTree = "<group>"; };
		4B3504401C10A57C009F7680 /* OSCSetup.cpp */ = {isa = PBXFileReference; fileEncoding = 4; lastKnownFileType = sourcecode.cpp.cpp; path = OSCSetup.cpp; sourceTree = "<group>"; };
		4B3504411C10A57C009F7680 /* OSCSetup.h */ = {isa = PBXFileReference; fileEncoding = 4; lastKnownFileType = sourcecode.c.h; path = OSCSetup.h; sourceTree = "<group>"; };
		4B3504431C10A57C009F7680 /* OSCStream.cpp */ = {isa = PBXFileReference; fileEncoding = 4; lastKnownFileType = sourcecode.cpp.cpp; path = OSCStream.cpp; sourceTree = "<group>"; };
		4B3504441C10A57C009F7680 /* OSCStream.h */ = {isa = PBXFileReference; fileEncoding = 4; lastKnownFileType = sourcecode.c.h; path = OSCStream.h; sourceTree = "<group>"; };
		4B3504461C10A57C009F7680 /* OSCControler.cpp */ = {isa = PBXFileReference; fileEncoding = 4; lastKnownFileType = sourcecode.cpp.cpp; path = OSCControler.cpp; sourceTree = "<group>"; };
		4B3504491C10A57C009F7680 /* pthreads_impl.cpp */ = {isa = PBXFileReference; fileEncoding = 4; lastKnownFileType = sourcecode.cpp.cpp; path = pthreads_impl.cpp; sourceTree = "<group>"; };
		4B35044B1C10A57C009F7680 /* TThreads.h */ = {isa = PBXFileReference; fileEncoding = 4; lastKnownFileType = sourcecode.c.h; path = TThreads.h; sourceTree = "<group>"; };
		4B35044C1C10A57C009F7680 /* winthreads_impl.cpp */ = {isa = PBXFileReference; fileEncoding = 4; lastKnownFileType = sourcecode.cpp.cpp; path = winthreads_impl.cpp; sourceTree = "<group>"; };
		4B35045B1C10A57C009F7680 /* IpEndpointName.cpp */ = {isa = PBXFileReference; fileEncoding = 4; lastKnownFileType = sourcecode.cpp.cpp; path = IpEndpointName.cpp; sourceTree = "<group>"; };
		4B35045C1C10A57C009F7680 /* IpEndpointName.h */ = {isa = PBXFileReference; fileEncoding = 4; lastKnownFileType = sourcecode.c.h; path = IpEndpointName.h; sourceTree = "<group>"; };
		4B35045E1C10A57C009F7680 /* NetworkingUtils.h */ = {isa = PBXFileReference; fileEncoding = 4; lastKnownFileType = sourcecode.c.h; path = NetworkingUtils.h; sourceTree = "<group>"; };
		4B35045F1C10A57C009F7680 /* PacketListener.h */ = {isa = PBXFileReference; fileEncoding = 4; lastKnownFileType = sourcecode.c.h; path = PacketListener.h; sourceTree = "<group>"; };
		4B3504611C10A57C009F7680 /* NetworkingUtils.cpp */ = {isa = PBXFileReference; fileEncoding = 4; lastKnownFileType = sourcecode.cpp.cpp; path = NetworkingUtils.cpp; sourceTree = "<group>"; };
		4B3504631C10A57C009F7680 /* UdpSocket.cpp */ = {isa = PBXFileReference; fileEncoding = 4; lastKnownFileType = sourcecode.cpp.cpp; path = UdpSocket.cpp; sourceTree = "<group>"; };
		4B3504651C10A57C009F7680 /* TimerListener.h */ = {isa = PBXFileReference; fileEncoding = 4; lastKnownFileType = sourcecode.c.h; path = TimerListener.h; sourceTree = "<group>"; };
		4B3504661C10A57C009F7680 /* UdpSocket.h */ = {isa = PBXFileReference; fileEncoding = 4; lastKnownFileType = sourcecode.c.h; path = UdpSocket.h; sourceTree = "<group>"; };
		4B3504701C10A57C009F7680 /* MessageMappingOscPacketListener.h */ = {isa = PBXFileReference; fileEncoding = 4; lastKnownFileType = sourcecode.c.h; path = MessageMappingOscPacketListener.h; sourceTree = "<group>"; };
		4B3504711C10A57C009F7680 /* OscException.h */ = {isa = PBXFileReference; fileEncoding = 4; lastKnownFileType = sourcecode.c.h; path = OscException.h; sourceTree = "<group>"; };
		4B3504721C10A57C009F7680 /* OscHostEndianness.h */ = {isa = PBXFileReference; fileEncoding = 4; lastKnownFileType = sourcecode.c.h; path = OscHostEndianness.h; sourceTree = "<group>"; };
		4B3504731C10A57C009F7680 /* OscOutboundPacketStream.cpp */ = {isa = PBXFileReference; fileEncoding = 4; lastKnownFileType = sourcecode.cpp.cpp; path = OscOutboundPacketStream.cpp; sourceTree = "<group>"; };
		4B3504741C10A57C009F7680 /* OscOutboundPacketStream.h */ = {isa = PBXFileReference; fileEncoding = 4; lastKnownFileType = sourcecode.c.h; path = OscOutboundPacketStream.h; sourceTree = "<group>"; };
		4B3504761C10A57C009F7680 /* OscPacketListener.h */ = {isa = PBXFileReference; fileEncoding = 4; lastKnownFileType = sourcecode.c.h; path = OscPacketListener.h; sourceTree = "<group>"; };
		4B3504771C10A57C009F7680 /* OscPrintReceivedElements.cpp */ = {isa = PBXFileReference; fileEncoding = 4; lastKnownFileType = sourcecode.cpp.cpp; path = OscPrintReceivedElements.cpp; sourceTree = "<group>"; };
		4B3504781C10A57C009F7680 /* OscPrintReceivedElements.h */ = {isa = PBXFileReference; fileEncoding = 4; lastKnownFileType = sourcecode.c.h; path = OscPrintReceivedElements.h; sourceTree = "<group>"; };
		4B35047A1C10A57C009F7680 /* OscReceivedElements.cpp */ = {isa = PBXFileReference; fileEncoding = 4; lastKnownFileType = sourcecode.cpp.cpp; path = OscReceivedElements.cpp; sourceTree = "<group>"; };
		4B35047B1C10A57C009F7680 /* OscReceivedElements.h */ = {isa = PBXFileReference; fileEncoding = 4; lastKnownFileType = sourcecode.c.h; path = OscReceivedElements.h; sourceTree = "<group>"; };
		4B35047D1C10A57C009F7680 /* OscTypes.cpp */ = {isa = PBXFileReference; fileEncoding = 4; lastKnownFileType = sourcecode.cpp.cpp; path = OscTypes.cpp; sourceTree = "<group>"; };
		4B35047E1C10A57C009F7680 /* OscTypes.h */ = {isa = PBXFileReference; fileEncoding = 4; lastKnownFileType = sourcecode.c.h; path = OscTypes.h; sourceTree = "<group>"; };
		4BB46D581C1B19BE00146D9D /* RootNode.h */ = {isa = PBXFileReference; fileEncoding = 4; lastKnownFileType = sourcecode.c.h; path = RootNode.h; sourceTree = "<group>"; };
		4BDAA20F16AEF05D00A3499E /* Accelerate.framework */ = {isa = PBXFileReference; lastKnownFileType = wrapper.framework; name = Accelerate.framework; path = System/Library/Frameworks/Accelerate.framework; sourceTree = SDKROOT; };
		4BDEB1231C203C4400849601 /* CoreMIDI.framework */ = {isa = PBXFileReference; lastKnownFileType = wrapper.framework; name = CoreMIDI.framework; path = System/Library/Frameworks/CoreMIDI.framework; sourceTree = SDKROOT; };
		65D1BD1315668A8A00ADCA32 /* CoreLocation.framework */ = {isa = PBXFileReference; lastKnownFileType = wrapper.framework; name = CoreLocation.framework; path = System/Library/Frameworks/CoreLocation.framework; sourceTree = SDKROOT; };
		65E5ED8E14DB037D00136CFC /* FaustAPI.app */ = {isa = PBXFileReference; explicitFileType = wrapper.application; includeInIndex = 0; path = FaustAPI.app; sourceTree = BUILT_PRODUCTS_DIR; };
		65E5ED9214DB037D00136CFC /* UIKit.framework */ = {isa = PBXFileReference; lastKnownFileType = wrapper.framework; name = UIKit.framework; path = System/Library/Frameworks/UIKit.framework; sourceTree = SDKROOT; };
		65E5ED9414DB037D00136CFC /* Foundation.framework */ = {isa = PBXFileReference; lastKnownFileType = wrapper.framework; name = Foundation.framework; path = System/Library/Frameworks/Foundation.framework; sourceTree = SDKROOT; };
		65E5ED9614DB037D00136CFC /* CoreGraphics.framework */ = {isa = PBXFileReference; lastKnownFileType = wrapper.framework; name = CoreGraphics.framework; path = System/Library/Frameworks/CoreGraphics.framework; sourceTree = SDKROOT; };
		65E5EDCD14DB055500136CFC /* AudioToolbox.framework */ = {isa = PBXFileReference; lastKnownFileType = wrapper.framework; name = AudioToolbox.framework; path = System/Library/Frameworks/AudioToolbox.framework; sourceTree = SDKROOT; };
		65E85C9A157806C2009F2D7A /* QuartzCore.framework */ = {isa = PBXFileReference; lastKnownFileType = wrapper.framework; name = QuartzCore.framework; path = System/Library/Frameworks/QuartzCore.framework; sourceTree = SDKROOT; };
		65F87430156FFB0C008AE175 /* CoreMotion.framework */ = {isa = PBXFileReference; lastKnownFileType = wrapper.framework; name = CoreMotion.framework; path = System/Library/Frameworks/CoreMotion.framework; sourceTree = SDKROOT; };
		6F17F3A520BD217C002CA04A /* ExternalAccessory.framework */ = {isa = PBXFileReference; lastKnownFileType = wrapper.framework; name = ExternalAccessory.framework; path = System/Library/Frameworks/ExternalAccessory.framework; sourceTree = SDKROOT; };
		6F338BD31F77A925006BDC6E /* Assets.xcassets */ = {isa = PBXFileReference; lastKnownFileType = folder.assetcatalog; name = Assets.xcassets; path = iOS/Assets.xcassets; sourceTree = "<group>"; };
		6FB2E0D11E8EFA71005AF0C9 /* cueNums.txt */ = {isa = PBXFileReference; fileEncoding = 4; lastKnownFileType = text; path = cueNums.txt; sourceTree = "<group>"; };
		6FB2E0D21E8EFA71005AF0C9 /* cueTips.txt */ = {isa = PBXFileReference; fileEncoding = 4; lastKnownFileType = text; path = cueTips.txt; sourceTree = "<group>"; };
		C93C18EA1E5BA375001551E3 /* DspFaust.cpp */ = {isa = PBXFileReference; fileEncoding = 4; lastKnownFileType = sourcecode.cpp.cpp; path = DspFaust.cpp; sourceTree = "<group>"; };
		C93C18EB1E5BA375001551E3 /* ViewController.mm */ = {isa = PBXFileReference; fileEncoding = 4; lastKnownFileType = sourcecode.cpp.objcpp; path = ViewController.mm; sourceTree = "<group>"; };
		C93C18EC1E5BA375001551E3 /* DspFaust.h */ = {isa = PBXFileReference; fileEncoding = 4; lastKnownFileType = sourcecode.c.h; path = DspFaust.h; sourceTree = "<group>"; };
		C93C18EE1E5BA375001551E3 /* AppDelegate.h */ = {isa = PBXFileReference; fileEncoding = 4; lastKnownFileType = sourcecode.c.h; path = AppDelegate.h; sourceTree = "<group>"; };
		C93C18EF1E5BA375001551E3 /* AppDelegate.mm */ = {isa = PBXFileReference; fileEncoding = 4; lastKnownFileType = sourcecode.cpp.objcpp; path = AppDelegate.mm; sourceTree = "<group>"; };
		C93C18F01E5BA375001551E3 /* main.m */ = {isa = PBXFileReference; fileEncoding = 4; lastKnownFileType = sourcecode.c.objc; path = main.m; sourceTree = "<group>"; };
		C93C18F11E5BA375001551E3 /* ViewController.h */ = {isa = PBXFileReference; fileEncoding = 4; lastKnownFileType = sourcecode.c.h; path = ViewController.h; sourceTree = "<group>"; };
		C93C18F81E5BA389001551E3 /* Base */ = {isa = PBXFileReference; lastKnownFileType = file.storyboard; name = Base; path = Base.lproj/LaunchScreen.storyboard; sourceTree = "<group>"; };
		C93C18FA1E5BA389001551E3 /* Base */ = {isa = PBXFileReference; lastKnownFileType = file.storyboard; name = Base; path = Base.lproj/Main.storyboard; sourceTree = "<group>"; };
		C93C18FF1E5BA526001551E3 /* Info.plist */ = {isa = PBXFileReference; fileEncoding = 4; lastKnownFileType = text.plist.xml; path = Info.plist; sourceTree = "<group>"; };
		C96A74CC1E86EF4D00C6474F /* keyDark.png */ = {isa = PBXFileReference; lastKnownFileType = image.png; path = keyDark.png; sourceTree = "<group>"; };
		C9D94E5D1E79631D003A187A /* DspFaustMotion.cpp */ = {isa = PBXFileReference; fileEncoding = 4; lastKnownFileType = sourcecode.cpp.cpp; path = DspFaustMotion.cpp; sourceTree = "<group>"; };
		C9D94E5E1E79631D003A187A /* DspFaustMotion.h */ = {isa = PBXFileReference; fileEncoding = 4; lastKnownFileType = sourcecode.c.h; path = DspFaustMotion.h; sourceTree = "<group>"; };
/* End PBXFileReference section */

/* Begin PBXFrameworksBuildPhase section */
		65E5ED8B14DB037D00136CFC /* Frameworks */ = {
			isa = PBXFrameworksBuildPhase;
			buildActionMask = 2147483647;
			files = (
				65E85C9B157806C2009F2D7A /* QuartzCore.framework in Frameworks */,
				65F87431156FFB0C008AE175 /* CoreMotion.framework in Frameworks */,
				65D1BD1415668A8A00ADCA32 /* CoreLocation.framework in Frameworks */,
				65E5EDCE14DB055500136CFC /* AudioToolbox.framework in Frameworks */,
				65E5ED9314DB037D00136CFC /* UIKit.framework in Frameworks */,
				65E5ED9514DB037D00136CFC /* Foundation.framework in Frameworks */,
				6F17F3A620BD217C002CA04A /* ExternalAccessory.framework in Frameworks */,
				65E5ED9714DB037D00136CFC /* CoreGraphics.framework in Frameworks */,
				4BDEB1241C203C4400849601 /* CoreMIDI.framework in Frameworks */,
				4BDAA21016AEF05D00A3499E /* Accelerate.framework in Frameworks */,
			);
			runOnlyForDeploymentPostprocessing = 0;
		};
/* End PBXFrameworksBuildPhase section */

/* Begin PBXGroup section */
		4B35040A1C10A57C009F7680 /* osclib */ = {
			isa = PBXGroup;
			children = (
				4B35040C1C10A57C009F7680 /* faust */,
				4B3504511C10A57C009F7680 /* oscpack */,
			);
			path = osclib;
			sourceTree = SOURCE_ROOT;
		};
		4B35040C1C10A57C009F7680 /* faust */ = {
			isa = PBXGroup;
			children = (
				4B3504121C10A57C009F7680 /* faust */,
				4B3504211C10A57C009F7680 /* src */,
			);
			path = faust;
			sourceTree = "<group>";
		};
		4B3504121C10A57C009F7680 /* faust */ = {
			isa = PBXGroup;
			children = (
				4B3504131C10A57C009F7680 /* osc */,
				4B35041A1C10A57C009F7680 /* OSCControler.h */,
				4B35041B1C10A57C009F7680 /* OSCIO.h */,
			);
			path = faust;
			sourceTree = "<group>";
		};
		4B3504131C10A57C009F7680 /* osc */ = {
			isa = PBXGroup;
			children = (
				4B3504141C10A57C009F7680 /* FaustFactory.h */,
				4B3504151C10A57C009F7680 /* FaustNode.h */,
				4B3504161C10A57C009F7680 /* Message.h */,
				4B3504171C10A57C009F7680 /* MessageDriven.h */,
				4B3504181C10A57C009F7680 /* MessageProcessor.h */,
				4BB46D581C1B19BE00146D9D /* RootNode.h */,
				4B3504191C10A57C009F7680 /* smartpointer.h */,
			);
			path = osc;
			sourceTree = "<group>";
		};
		4B3504211C10A57C009F7680 /* src */ = {
			isa = PBXGroup;
			children = (
				4B3504221C10A57C009F7680 /* lib */,
				4B35042A1C10A57C009F7680 /* msg */,
				4B35042D1C10A57C009F7680 /* nodes */,
				4B3504371C10A57C009F7680 /* osc */,
				4B3504461C10A57C009F7680 /* OSCControler.cpp */,
				4B3504481C10A57C009F7680 /* threads */,
			);
			path = src;
			sourceTree = "<group>";
		};
		4B3504221C10A57C009F7680 /* lib */ = {
			isa = PBXGroup;
			children = (
				4B3504231C10A57C009F7680 /* deelx.h */,
				4B3504241C10A57C009F7680 /* OSCFError.cpp */,
				4B3504251C10A57C009F7680 /* OSCFError.h */,
				4B3504271C10A57C009F7680 /* OSCRegexp.cpp */,
				4B3504281C10A57C009F7680 /* OSCRegexp.h */,
			);
			path = lib;
			sourceTree = "<group>";
		};
		4B35042A1C10A57C009F7680 /* msg */ = {
			isa = PBXGroup;
			children = (
				4B35042B1C10A57C009F7680 /* Message.cpp */,
			);
			path = msg;
			sourceTree = "<group>";
		};
		4B35042D1C10A57C009F7680 /* nodes */ = {
			isa = PBXGroup;
			children = (
				4B35042E1C10A57C009F7680 /* FaustFactory.cpp */,
				4B3504301C10A57C009F7680 /* FaustNode.cpp */,
				4B3504321C10A57C009F7680 /* MessageDriven.cpp */,
				4B3504341C10A57C009F7680 /* RootNode.cpp */,
			);
			path = nodes;
			sourceTree = "<group>";
		};
		4B3504371C10A57C009F7680 /* osc */ = {
			isa = PBXGroup;
			children = (
				4B3504381C10A57C009F7680 /* OSCAddress.cpp */,
				4B3504391C10A57C009F7680 /* OSCAddress.h */,
				4B35043B1C10A57C009F7680 /* OSCIO.cpp */,
				4B35043D1C10A57C009F7680 /* OSCListener.cpp */,
				4B35043E1C10A57C009F7680 /* OSCListener.h */,
				4B3504401C10A57C009F7680 /* OSCSetup.cpp */,
				4B3504411C10A57C009F7680 /* OSCSetup.h */,
				4B3504431C10A57C009F7680 /* OSCStream.cpp */,
				4B3504441C10A57C009F7680 /* OSCStream.h */,
			);
			path = osc;
			sourceTree = "<group>";
		};
		4B3504481C10A57C009F7680 /* threads */ = {
			isa = PBXGroup;
			children = (
				4B3504491C10A57C009F7680 /* pthreads_impl.cpp */,
				4B35044B1C10A57C009F7680 /* TThreads.h */,
				4B35044C1C10A57C009F7680 /* winthreads_impl.cpp */,
			);
			path = threads;
			sourceTree = "<group>";
		};
		4B3504511C10A57C009F7680 /* oscpack */ = {
			isa = PBXGroup;
			children = (
				4B35045A1C10A57C009F7680 /* ip */,
				4B35046F1C10A57C009F7680 /* osc */,
			);
			path = oscpack;
			sourceTree = "<group>";
		};
		4B35045A1C10A57C009F7680 /* ip */ = {
			isa = PBXGroup;
			children = (
				4B35045B1C10A57C009F7680 /* IpEndpointName.cpp */,
				4B35045C1C10A57C009F7680 /* IpEndpointName.h */,
				4B35045E1C10A57C009F7680 /* NetworkingUtils.h */,
				4B35045F1C10A57C009F7680 /* PacketListener.h */,
				4B3504601C10A57C009F7680 /* posix */,
				4B3504651C10A57C009F7680 /* TimerListener.h */,
				4B3504661C10A57C009F7680 /* UdpSocket.h */,
			);
			path = ip;
			sourceTree = "<group>";
		};
		4B3504601C10A57C009F7680 /* posix */ = {
			isa = PBXGroup;
			children = (
				4B3504611C10A57C009F7680 /* NetworkingUtils.cpp */,
				4B3504631C10A57C009F7680 /* UdpSocket.cpp */,
			);
			path = posix;
			sourceTree = "<group>";
		};
		4B35046F1C10A57C009F7680 /* osc */ = {
			isa = PBXGroup;
			children = (
				4B3504701C10A57C009F7680 /* MessageMappingOscPacketListener.h */,
				4B3504711C10A57C009F7680 /* OscException.h */,
				4B3504721C10A57C009F7680 /* OscHostEndianness.h */,
				4B3504731C10A57C009F7680 /* OscOutboundPacketStream.cpp */,
				4B3504741C10A57C009F7680 /* OscOutboundPacketStream.h */,
				4B3504761C10A57C009F7680 /* OscPacketListener.h */,
				4B3504771C10A57C009F7680 /* OscPrintReceivedElements.cpp */,
				4B3504781C10A57C009F7680 /* OscPrintReceivedElements.h */,
				4B35047A1C10A57C009F7680 /* OscReceivedElements.cpp */,
				4B35047B1C10A57C009F7680 /* OscReceivedElements.h */,
				4B35047D1C10A57C009F7680 /* OscTypes.cpp */,
				4B35047E1C10A57C009F7680 /* OscTypes.h */,
			);
			path = osc;
			sourceTree = "<group>";
		};
		65E5ED8314DB037D00136CFC = {
			isa = PBXGroup;
			children = (
				6F338BD31F77A925006BDC6E /* Assets.xcassets */,
				65E5ED9814DB037D00136CFC /* iOS */,
				65E5ED9114DB037D00136CFC /* Frameworks */,
				65E5ED8F14DB037D00136CFC /* Products */,
			);
			sourceTree = "<group>";
		};
		65E5ED8F14DB037D00136CFC /* Products */ = {
			isa = PBXGroup;
			children = (
				65E5ED8E14DB037D00136CFC /* FaustAPI.app */,
			);
			name = Products;
			sourceTree = "<group>";
		};
		65E5ED9114DB037D00136CFC /* Frameworks */ = {
			isa = PBXGroup;
			children = (
				6F17F3A520BD217C002CA04A /* ExternalAccessory.framework */,
				4BDEB1231C203C4400849601 /* CoreMIDI.framework */,
				4BDAA20F16AEF05D00A3499E /* Accelerate.framework */,
				65E85C9A157806C2009F2D7A /* QuartzCore.framework */,
				65F87430156FFB0C008AE175 /* CoreMotion.framework */,
				65D1BD1315668A8A00ADCA32 /* CoreLocation.framework */,
				65E5EDCD14DB055500136CFC /* AudioToolbox.framework */,
				65E5ED9214DB037D00136CFC /* UIKit.framework */,
				65E5ED9414DB037D00136CFC /* Foundation.framework */,
				65E5ED9614DB037D00136CFC /* CoreGraphics.framework */,
			);
			name = Frameworks;
			sourceTree = "<group>";
		};
		65E5ED9814DB037D00136CFC /* iOS */ = {
			isa = PBXGroup;
			children = (
				6FB2E0D11E8EFA71005AF0C9 /* cueNums.txt */,
				6FB2E0D21E8EFA71005AF0C9 /* cueTips.txt */,
				C96A74CC1E86EF4D00C6474F /* keyDark.png */,
				C9D94E5D1E79631D003A187A /* DspFaustMotion.cpp */,
				C9D94E5E1E79631D003A187A /* DspFaustMotion.h */,
				C93C18EA1E5BA375001551E3 /* DspFaust.cpp */,
				C93C18EC1E5BA375001551E3 /* DspFaust.h */,
				C93C18F71E5BA389001551E3 /* LaunchScreen.storyboard */,
				C93C18F91E5BA389001551E3 /* Main.storyboard */,
				C93C18EB1E5BA375001551E3 /* ViewController.mm */,
				C93C18F11E5BA375001551E3 /* ViewController.h */,
				C93C18EE1E5BA375001551E3 /* AppDelegate.h */,
				C93C18EF1E5BA375001551E3 /* AppDelegate.mm */,
				C93C18F01E5BA375001551E3 /* main.m */,
				C93C18FF1E5BA526001551E3 /* Info.plist */,
				4B35040A1C10A57C009F7680 /* osclib */,
			);
			path = iOS;
			sourceTree = "<group>";
		};
/* End PBXGroup section */

/* Begin PBXNativeTarget section */
		65E5ED8D14DB037D00136CFC /* FaustAPI */ = {
			isa = PBXNativeTarget;
			buildConfigurationList = 65E5EDC714DB037D00136CFC /* Build configuration list for PBXNativeTarget "FaustAPI" */;
			buildPhases = (
				65E5ED8A14DB037D00136CFC /* Sources */,
				65E5ED8B14DB037D00136CFC /* Frameworks */,
				65E5ED8C14DB037D00136CFC /* Resources */,
			);
			buildRules = (
			);
			dependencies = (
			);
			name = FaustAPI;
			productName = iOS;
			productReference = 65E5ED8E14DB037D00136CFC /* FaustAPI.app */;
			productType = "com.apple.product-type.application";
		};
/* End PBXNativeTarget section */

/* Begin PBXProject section */
		65E5ED8514DB037D00136CFC /* Project object */ = {
			isa = PBXProject;
			attributes = {
				LastTestingUpgradeCheck = 0730;
				LastUpgradeCheck = 0420;
				TargetAttributes = {
					65E5ED8D14DB037D00136CFC = {
						DevelopmentTeam = E2257JUX9L;
						SystemCapabilities = {
							com.apple.AccessWiFi = {
								enabled = 1;
							};
							com.apple.WAC = {
								enabled = 1;
							};
						};
					};
				};
			};
			buildConfigurationList = 65E5ED8814DB037D00136CFC /* Build configuration list for PBXProject "iOS" */;
			compatibilityVersion = "Xcode 3.2";
			developmentRegion = English;
			hasScannedForEncodings = 0;
			knownRegions = (
				English,
				en,
				Base,
			);
			mainGroup = 65E5ED8314DB037D00136CFC;
			productRefGroup = 65E5ED8F14DB037D00136CFC /* Products */;
			projectDirPath = "";
			projectRoot = "";
			targets = (
				65E5ED8D14DB037D00136CFC /* FaustAPI */,
			);
		};
/* End PBXProject section */

/* Begin PBXResourcesBuildPhase section */
		65E5ED8C14DB037D00136CFC /* Resources */ = {
			isa = PBXResourcesBuildPhase;
			buildActionMask = 2147483647;
			files = (
				6FB2E0D31E8EFA71005AF0C9 /* cueNums.txt in Resources */,
				C93C18FC1E5BA389001551E3 /* Main.storyboard in Resources */,
				6F338BD41F77A925006BDC6E /* Assets.xcassets in Resources */,
				6FB2E0D41E8EFA71005AF0C9 /* cueTips.txt in Resources */,
				C93C18FB1E5BA389001551E3 /* LaunchScreen.storyboard in Resources */,
				C96A74CD1E86EF4D00C6474F /* keyDark.png in Resources */,
			);
			runOnlyForDeploymentPostprocessing = 0;
		};
/* End PBXResourcesBuildPhase section */

/* Begin PBXSourcesBuildPhase section */
		65E5ED8A14DB037D00136CFC /* Sources */ = {
			isa = PBXSourcesBuildPhase;
			buildActionMask = 2147483647;
			files = (
				C93C18F61E5BA375001551E3 /* main.m in Sources */,
				4B3505291C10A57D009F7680 /* UdpSocket.cpp in Sources */,
				4B3504DE1C10A57D009F7680 /* OSCListener.cpp in Sources */,
				4B35051D1C10A57D009F7680 /* IpEndpointName.cpp in Sources */,
				4B3504BA1C10A57D009F7680 /* FaustFactory.cpp in Sources */,
				4B3504C61C10A57D009F7680 /* MessageDriven.cpp in Sources */,
				4B3505441C10A57D009F7680 /* OscOutboundPacketStream.cpp in Sources */,
				4B3504E41C10A57D009F7680 /* OSCSetup.cpp in Sources */,
				C9D94E5F1E79631D003A187A /* DspFaustMotion.cpp in Sources */,
				4B3504F01C10A57D009F7680 /* OSCControler.cpp in Sources */,
				C93C18F51E5BA375001551E3 /* AppDelegate.mm in Sources */,
				C93C18F31E5BA375001551E3 /* ViewController.mm in Sources */,
				4B3504EA1C10A57D009F7680 /* OSCStream.cpp in Sources */,
				4B3504FC1C10A57D009F7680 /* winthreads_impl.cpp in Sources */,
				4B3504B41C10A57D009F7680 /* Message.cpp in Sources */,
				4B3505231C10A57D009F7680 /* NetworkingUtils.cpp in Sources */,
				C93C18F21E5BA375001551E3 /* DspFaust.cpp in Sources */,
				4B35054A1C10A57D009F7680 /* OscPrintReceivedElements.cpp in Sources */,
				4B3504D81C10A57D009F7680 /* OSCIO.cpp in Sources */,
				4B3504D21C10A57D009F7680 /* OSCAddress.cpp in Sources */,
				4B3504CC1C10A57D009F7680 /* RootNode.cpp in Sources */,
				4B3504F61C10A57D009F7680 /* pthreads_impl.cpp in Sources */,
				4B3505501C10A57D009F7680 /* OscReceivedElements.cpp in Sources */,
				4B3504A81C10A57D009F7680 /* OSCFError.cpp in Sources */,
				4B3504AE1C10A57D009F7680 /* OSCRegexp.cpp in Sources */,
				4B3505561C10A57D009F7680 /* OscTypes.cpp in Sources */,
				4B3504C01C10A57D009F7680 /* FaustNode.cpp in Sources */,
			);
			runOnlyForDeploymentPostprocessing = 0;
		};
/* End PBXSourcesBuildPhase section */

/* Begin PBXVariantGroup section */
		C93C18F71E5BA389001551E3 /* LaunchScreen.storyboard */ = {
			isa = PBXVariantGroup;
			children = (
				C93C18F81E5BA389001551E3 /* Base */,
			);
			name = LaunchScreen.storyboard;
			sourceTree = "<group>";
		};
		C93C18F91E5BA389001551E3 /* Main.storyboard */ = {
			isa = PBXVariantGroup;
			children = (
				C93C18FA1E5BA389001551E3 /* Base */,
			);
			name = Main.storyboard;
			sourceTree = "<group>";
		};
/* End PBXVariantGroup section */

/* Begin XCBuildConfiguration section */
		65E5EDC514DB037D00136CFC /* Debug */ = {
			isa = XCBuildConfiguration;
			buildSettings = {
				ALWAYS_SEARCH_USER_PATHS = YES;
				ARCHS = "$(ARCHS_STANDARD)";
				CLANG_ENABLE_OBJC_ARC = NO;
				CODE_SIGN_IDENTITY = "iPhone Developer";
				"CODE_SIGN_IDENTITY[sdk=iphoneos*]" = "iPhone Developer";
				COPY_PHASE_STRIP = NO;
				GCC_C_LANGUAGE_STANDARD = c99;
				GCC_DYNAMIC_NO_PIC = NO;
				GCC_OPTIMIZATION_LEVEL = s;
				GCC_PREPROCESSOR_DEFINITIONS = "";
				GCC_SYMBOLS_PRIVATE_EXTERN = NO;
				GCC_VERSION = "";
				GCC_WARN_ABOUT_MISSING_PROTOTYPES = NO;
				GCC_WARN_ABOUT_RETURN_TYPE = YES;
				GCC_WARN_UNUSED_VARIABLE = YES;
				IPHONEOS_DEPLOYMENT_TARGET = 8.0;
				LIBRARY_SEARCH_PATHS = "";
				MACH_O_TYPE = mh_execute;
				OTHER_CFLAGS = "";
				OTHER_LDFLAGS = "";
				PREBINDING = NO;
				PROVISIONING_PROFILE = "";
				SDKROOT = iphoneos;
				TARGETED_DEVICE_FAMILY = "1,2";
				USER_HEADER_SEARCH_PATHS = "";
				VALIDATE_PRODUCT = NO;
			};
			name = Debug;
		};
		65E5EDC614DB037D00136CFC /* Release */ = {
			isa = XCBuildConfiguration;
			buildSettings = {
				ALWAYS_SEARCH_USER_PATHS = YES;
				ARCHS = "$(ARCHS_STANDARD)";
				CLANG_ENABLE_OBJC_ARC = NO;
				CODE_SIGN_IDENTITY = "iPhone Developer";
				"CODE_SIGN_IDENTITY[sdk=iphoneos*]" = "iPhone Developer";
				COPY_PHASE_STRIP = YES;
				GCC_C_LANGUAGE_STANDARD = c99;
				GCC_OPTIMIZATION_LEVEL = s;
				GCC_PREPROCESSOR_DEFINITIONS = "";
				GCC_VERSION = "";
				GCC_WARN_ABOUT_MISSING_PROTOTYPES = NO;
				GCC_WARN_ABOUT_RETURN_TYPE = YES;
				GCC_WARN_UNUSED_VARIABLE = YES;
				IPHONEOS_DEPLOYMENT_TARGET = 8.0;
				LIBRARY_SEARCH_PATHS = "";
				MACH_O_TYPE = mh_execute;
				OTHER_CFLAGS = "";
				OTHER_LDFLAGS = "";
				PREBINDING = NO;
				PROVISIONING_PROFILE = "";
				SDKROOT = iphoneos;
				TARGETED_DEVICE_FAMILY = "1,2";
				USER_HEADER_SEARCH_PATHS = "";
				VALIDATE_PRODUCT = NO;
			};
			name = Release;
		};
		65E5EDC814DB037D00136CFC /* Debug */ = {
			isa = XCBuildConfiguration;
			buildSettings = {
				ALWAYS_SEARCH_USER_PATHS = NO;
				ASSETCATALOG_COMPILER_APPICON_NAME = AppIcon;
				CLANG_CXX_LANGUAGE_STANDARD = "gnu++0x";
				CODE_SIGN_ENTITLEMENTS = "";
				CODE_SIGN_IDENTITY = "iPhone Developer";
				"CODE_SIGN_IDENTITY[sdk=iphoneos*]" = "iPhone Developer";
				DEVELOPMENT_TEAM = E2257JUX9L;
				ENABLE_BITCODE = NO;
				GCC_PRECOMPILE_PREFIX_HEADER = YES;
				GCC_PREFIX_HEADER = "iOS/iOS-Prefix.pch";
				HEADER_SEARCH_PATHS = (
					/usr/local/include,
					../,
					.,
					osclib/oscpack,
					osclib/faust,
				);
				INFOPLIST_FILE = "$(SRCROOT)/iOS/Info.plist";
				IPHONEOS_DEPLOYMENT_TARGET = 9.3;
				LIBRARY_SEARCH_PATHS = (
					"$(PROJECT_DIR)/osclib/faust",
					"$(PROJECT_DIR)/osclib",
					"$(PROJECT_DIR)/osclib/oscpack",
				);
				OTHER_LDFLAGS = "iOS/ios-libsndfile.a";
				PRODUCT_BUNDLE_IDENTIFIER = com.AllenSmartFaust;
				PRODUCT_MODULE_NAME = "$(TARGET_NAME)";
				PRODUCT_NAME = "$(TARGET_NAME)";
				PROVISIONING_PROFILE = "";
				WRAPPER_EXTENSION = app;
			};
			name = Debug;
		};
		65E5EDC914DB037D00136CFC /* Release */ = {
			isa = XCBuildConfiguration;
			buildSettings = {
				ALWAYS_SEARCH_USER_PATHS = NO;
				ASSETCATALOG_COMPILER_APPICON_NAME = AppIcon;
				CLANG_CXX_LANGUAGE_STANDARD = "gnu++0x";
				CODE_SIGN_ENTITLEMENTS = "";
				CODE_SIGN_IDENTITY = "iPhone Developer";
				"CODE_SIGN_IDENTITY[sdk=iphoneos*]" = "iPhone Developer";
				DEVELOPMENT_TEAM = E2257JUX9L;
				ENABLE_BITCODE = NO;
				GCC_PRECOMPILE_PREFIX_HEADER = YES;
				GCC_PREFIX_HEADER = "iOS/iOS-Prefix.pch";
				HEADER_SEARCH_PATHS = (
					/usr/local/include,
					../,
					.,
					osclib/oscpack,
					osclib/faust,
				);
				INFOPLIST_FILE = "$(SRCROOT)/iOS/Info.plist";
				IPHONEOS_DEPLOYMENT_TARGET = 9.3;
				LIBRARY_SEARCH_PATHS = (
					"$(PROJECT_DIR)/osclib/faust",
					"$(PROJECT_DIR)/osclib",
					"$(PROJECT_DIR)/osclib/oscpack",
				);
				OTHER_LDFLAGS = "/usr/local/lib/ios-libsndfile.a";
				PRODUCT_BUNDLE_IDENTIFIER = com.AllenSmartFaust;
				PRODUCT_MODULE_NAME = "$(TARGET_NAME)";
				PRODUCT_NAME = "$(TARGET_NAME)";
				PROVISIONING_PROFILE = "";
				WRAPPER_EXTENSION = app;
			};
			name = Release;
		};
/* End XCBuildConfiguration section */

/* Begin XCConfigurationList section */
		65E5ED8814DB037D00136CFC /* Build configuration list for PBXProject "iOS" */ = {
			isa = XCConfigurationList;
			buildConfigurations = (
				65E5EDC514DB037D00136CFC /* Debug */,
				65E5EDC614DB037D00136CFC /* Release */,
			);
			defaultConfigurationIsVisible = 0;
			defaultConfigurationName = Release;
		};
		65E5EDC714DB037D00136CFC /* Build configuration list for PBXNativeTarget "FaustAPI" */ = {
			isa = XCConfigurationList;
			buildConfigurations = (
				65E5EDC814DB037D00136CFC /* Debug */,
				65E5EDC914DB037D00136CFC /* Release */,
			);
			defaultConfigurationIsVisible = 0;
			defaultConfigurationName = Release;
		};
/* End XCConfigurationList section */
	};
	rootObject = 65E5ED8514DB037D00136CFC /* Project object */;
}
